
Microsoft Visual Studio Solution File, Format Version 12.00
# Visual Studio Version 16
VisualStudioVersion = 16.0.29709.97
MinimumVisualStudioVersion = 10.0.40219.1
Project("{FAE04EC0-301F-11D3-BF4B-00C04F79EFBC}") = "MonitorTeamSolution", "MonitorTeamSolution\MonitorTeamSolution.csproj", "{EDBB6FB6-D847-4C0F-B58C-35CBB6CD41E6}"
EndProject
Global
	GlobalSection(SolutionConfigurationPlatforms) = preSolution
		Debug|Any CPU = Debug|Any CPU
		Release|Any CPU = Release|Any CPU
	EndGlobalSection
	GlobalSection(ProjectConfigurationPlatforms) = postSolution
		{EDBB6FB6-D847-4C0F-B58C-35CBB6CD41E6}.Debug|Any CPU.ActiveCfg = Debug|Any CPU
		{EDBB6FB6-D847-4C0F-B58C-35CBB6CD41E6}.Debug|Any CPU.Build.0 = Debug|Any CPU
		{EDBB6FB6-D847-4C0F-B58C-35CBB6CD41E6}.Release|Any CPU.ActiveCfg = Release|Any CPU
		{EDBB6FB6-D847-4C0F-B58C-35CBB6CD41E6}.Release|Any CPU.Build.0 = Release|Any CPU
	EndGlobalSection
	GlobalSection(SolutionProperties) = preSolution
		HideSolutionNode = FALSE
	EndGlobalSection
	GlobalSection(ExtensibilityGlobals) = postSolution
		SolutionGuid = {AF722218-84EB-440E-8B38-9E818E79CCE0}
	EndGlobalSection
EndGlobal
